// !$*UTF8*$!
{
	archiveVersion = 1;
	classes = {
	};
	objectVersion = 50;
	objects = {

/* Begin PBXBuildFile section */
		09AD8C503633CEEA20A6FC7E /* Pods_beierquan.framework in Frameworks */ = {isa = PBXBuildFile; fileRef = E5FD4CE721D1FE4ECECD88BC /* Pods_beierquan.framework */; };
		A4301C4E20D9F9EF005E0B08 /* AppDelegate.swift in Sources */ = {isa = PBXBuildFile; fileRef = A4301C4D20D9F9EF005E0B08 /* AppDelegate.swift */; };
		A4301C5320D9F9EF005E0B08 /* Main.storyboard in Resources */ = {isa = PBXBuildFile; fileRef = A4301C5120D9F9EF005E0B08 /* Main.storyboard */; };
		A4301C5520D9F9F1005E0B08 /* Assets.xcassets in Resources */ = {isa = PBXBuildFile; fileRef = A4301C5420D9F9F1005E0B08 /* Assets.xcassets */; };
		A4301C5820D9F9F1005E0B08 /* LaunchScreen.storyboard in Resources */ = {isa = PBXBuildFile; fileRef = A4301C5620D9F9F1005E0B08 /* LaunchScreen.storyboard */; };
		A4301C6320D9F9F1005E0B08 /* beierquanTests.swift in Sources */ = {isa = PBXBuildFile; fileRef = A4301C6220D9F9F1005E0B08 /* beierquanTests.swift */; };
		A4301C6E20D9F9F1005E0B08 /* beierquanUITests.swift in Sources */ = {isa = PBXBuildFile; fileRef = A4301C6D20D9F9F1005E0B08 /* beierquanUITests.swift */; };
		A4301C8920DA5B6B005E0B08 /* MyTabBarController.swift in Sources */ = {isa = PBXBuildFile; fileRef = A4301C8820DA5B6B005E0B08 /* MyTabBarController.swift */; };
		A4301C8B20DA5B8B005E0B08 /* MyNavigationController.swift in Sources */ = {isa = PBXBuildFile; fileRef = A4301C8A20DA5B8B005E0B08 /* MyNavigationController.swift */; };
		A4301C9220DA668A005E0B08 /* LLbaseViewController.swift in Sources */ = {isa = PBXBuildFile; fileRef = A4301C9120DA668A005E0B08 /* LLbaseViewController.swift */; };
		A4301C9720DA68B4005E0B08 /* LLhomeViewContrller.swift in Sources */ = {isa = PBXBuildFile; fileRef = A4301C9520DA68B4005E0B08 /* LLhomeViewContrller.swift */; };
		A4301C9820DA68B4005E0B08 /* LLhomeViewContrller.xib in Resources */ = {isa = PBXBuildFile; fileRef = A4301C9620DA68B4005E0B08 /* LLhomeViewContrller.xib */; };
		A4301C9B20DA68D5005E0B08 /* LLselectViewController.swift in Sources */ = {isa = PBXBuildFile; fileRef = A4301C9920DA68D5005E0B08 /* LLselectViewController.swift */; };
		A4301C9C20DA68D5005E0B08 /* LLselectViewController.xib in Resources */ = {isa = PBXBuildFile; fileRef = A4301C9A20DA68D5005E0B08 /* LLselectViewController.xib */; };
		A4301C9F20DA68E4005E0B08 /* LLmessegeViewController.swift in Sources */ = {isa = PBXBuildFile; fileRef = A4301C9D20DA68E4005E0B08 /* LLmessegeViewController.swift */; };
		A4301CA020DA68E4005E0B08 /* LLmessegeViewController.xib in Resources */ = {isa = PBXBuildFile; fileRef = A4301C9E20DA68E4005E0B08 /* LLmessegeViewController.xib */; };
		A4301CA320DA68F3005E0B08 /* LLmineViewController.swift in Sources */ = {isa = PBXBuildFile; fileRef = A4301CA120DA68F3005E0B08 /* LLmineViewController.swift */; };
		A4301CA420DA68F3005E0B08 /* LLmineViewController.xib in Resources */ = {isa = PBXBuildFile; fileRef = A4301CA220DA68F3005E0B08 /* LLmineViewController.xib */; };
		A4301CA620DB4E60005E0B08 /* Const.swift in Sources */ = {isa = PBXBuildFile; fileRef = A4301CA520DB4E60005E0B08 /* Const.swift */; };
		A483A92320DB7E6D00985120 /* PageControlView.m in Sources */ = {isa = PBXBuildFile; fileRef = A483A91B20DB7E6C00985120 /* PageControlView.m */; };
		A483A92420DB7E6D00985120 /* PageControlView.xib in Resources */ = {isa = PBXBuildFile; fileRef = A483A91C20DB7E6C00985120 /* PageControlView.xib */; };
		A483A92520DB7E6D00985120 /* PageControlCollectionViewCell.xib in Resources */ = {isa = PBXBuildFile; fileRef = A483A91D20DB7E6C00985120 /* PageControlCollectionViewCell.xib */; };
		A483A92620DB7E6D00985120 /* LeadViewController.m in Sources */ = {isa = PBXBuildFile; fileRef = A483A92020DB7E6D00985120 /* LeadViewController.m */; };
		A483A92720DB7E6D00985120 /* PageControlCollectionViewCell.m in Sources */ = {isa = PBXBuildFile; fileRef = A483A92220DB7E6D00985120 /* PageControlCollectionViewCell.m */; };
		A4D0279D20E0D7DE00643F6B /* UIView+Extension.swift in Sources */ = {isa = PBXBuildFile; fileRef = A4D0279C20E0D7DE00643F6B /* UIView+Extension.swift */; };
		A4D0279F20E0D7E800643F6B /* UIImage+Extension.swift in Sources */ = {isa = PBXBuildFile; fileRef = A4D0279E20E0D7E800643F6B /* UIImage+Extension.swift */; };
		A4D027A320E0D7FE00643F6B /* UIColor+Extension.swift in Sources */ = {isa = PBXBuildFile; fileRef = A4D027A220E0D7FE00643F6B /* UIColor+Extension.swift */; };
		A4D027A720E0D8E600643F6B /* UIButton+Extension.swift in Sources */ = {isa = PBXBuildFile; fileRef = A4D027A620E0D8E600643F6B /* UIButton+Extension.swift */; };
		A4D027B120E21FF800643F6B /* LLhomeCell.swift in Sources */ = {isa = PBXBuildFile; fileRef = A4D027AF20E21FF800643F6B /* LLhomeCell.swift */; };
		A4D027B220E21FF800643F6B /* LLhomeCell.xib in Resources */ = {isa = PBXBuildFile; fileRef = A4D027B020E21FF800643F6B /* LLhomeCell.xib */; };
		A4D027B620E23B5200643F6B /* CALayer+Extension.swift in Sources */ = {isa = PBXBuildFile; fileRef = A4D027B520E23B5200643F6B /* CALayer+Extension.swift */; };
/* End PBXBuildFile section */

/* Begin PBXContainerItemProxy section */
		A4301C5F20D9F9F1005E0B08 /* PBXContainerItemProxy */ = {
			isa = PBXContainerItemProxy;
			containerPortal = A4301C4220D9F9EF005E0B08 /* Project object */;
			proxyType = 1;
			remoteGlobalIDString = A4301C4920D9F9EF005E0B08;
			remoteInfo = beierquan;
		};
		A4301C6A20D9F9F1005E0B08 /* PBXContainerItemProxy */ = {
			isa = PBXContainerItemProxy;
			containerPortal = A4301C4220D9F9EF005E0B08 /* Project object */;
			proxyType = 1;
			remoteGlobalIDString = A4301C4920D9F9EF005E0B08;
			remoteInfo = beierquan;
		};
/* End PBXContainerItemProxy section */

/* Begin PBXFileReference section */
		2108068D278C302A12171FFF /* Pods-beierquan.release.xcconfig */ = {isa = PBXFileReference; includeInIndex = 1; lastKnownFileType = text.xcconfig; name = "Pods-beierquan.release.xcconfig"; path = "Pods/Target Support Files/Pods-beierquan/Pods-beierquan.release.xcconfig"; sourceTree = "<group>"; };
		4F267E842A4C3CA31186C330 /* Pods-beierquan.debug.xcconfig */ = {isa = PBXFileReference; includeInIndex = 1; lastKnownFileType = text.xcconfig; name = "Pods-beierquan.debug.xcconfig"; path = "Pods/Target Support Files/Pods-beierquan/Pods-beierquan.debug.xcconfig"; sourceTree = "<group>"; };
		A4301C4A20D9F9EF005E0B08 /* beierquan.app */ = {isa = PBXFileReference; explicitFileType = wrapper.application; includeInIndex = 0; path = beierquan.app; sourceTree = BUILT_PRODUCTS_DIR; };
		A4301C4D20D9F9EF005E0B08 /* AppDelegate.swift */ = {isa = PBXFileReference; lastKnownFileType = sourcecode.swift; path = AppDelegate.swift; sourceTree = "<group>"; };
		A4301C5220D9F9EF005E0B08 /* Base */ = {isa = PBXFileReference; lastKnownFileType = file.storyboard; name = Base; path = Base.lproj/Main.storyboard; sourceTree = "<group>"; };
		A4301C5420D9F9F1005E0B08 /* Assets.xcassets */ = {isa = PBXFileReference; lastKnownFileType = folder.assetcatalog; path = Assets.xcassets; sourceTree = "<group>"; };
		A4301C5720D9F9F1005E0B08 /* Base */ = {isa = PBXFileReference; lastKnownFileType = file.storyboard; name = Base; path = Base.lproj/LaunchScreen.storyboard; sourceTree = "<group>"; };
		A4301C5920D9F9F1005E0B08 /* Info.plist */ = {isa = PBXFileReference; lastKnownFileType = text.plist.xml; path = Info.plist; sourceTree = "<group>"; };
		A4301C5E20D9F9F1005E0B08 /* beierquanTests.xctest */ = {isa = PBXFileReference; explicitFileType = wrapper.cfbundle; includeInIndex = 0; path = beierquanTests.xctest; sourceTree = BUILT_PRODUCTS_DIR; };
		A4301C6220D9F9F1005E0B08 /* beierquanTests.swift */ = {isa = PBXFileReference; lastKnownFileType = sourcecode.swift; path = beierquanTests.swift; sourceTree = "<group>"; };
		A4301C6420D9F9F1005E0B08 /* Info.plist */ = {isa = PBXFileReference; lastKnownFileType = text.plist.xml; path = Info.plist; sourceTree = "<group>"; };
		A4301C6920D9F9F1005E0B08 /* beierquanUITests.xctest */ = {isa = PBXFileReference; explicitFileType = wrapper.cfbundle; includeInIndex = 0; path = beierquanUITests.xctest; sourceTree = BUILT_PRODUCTS_DIR; };
		A4301C6D20D9F9F1005E0B08 /* beierquanUITests.swift */ = {isa = PBXFileReference; lastKnownFileType = sourcecode.swift; path = beierquanUITests.swift; sourceTree = "<group>"; };
		A4301C6F20D9F9F1005E0B08 /* Info.plist */ = {isa = PBXFileReference; lastKnownFileType = text.plist.xml; path = Info.plist; sourceTree = "<group>"; };
		A4301C8820DA5B6B005E0B08 /* MyTabBarController.swift */ = {isa = PBXFileReference; lastKnownFileType = sourcecode.swift; path = MyTabBarController.swift; sourceTree = "<group>"; };
		A4301C8A20DA5B8B005E0B08 /* MyNavigationController.swift */ = {isa = PBXFileReference; lastKnownFileType = sourcecode.swift; path = MyNavigationController.swift; sourceTree = "<group>"; };
		A4301C9120DA668A005E0B08 /* LLbaseViewController.swift */ = {isa = PBXFileReference; lastKnownFileType = sourcecode.swift; path = LLbaseViewController.swift; sourceTree = "<group>"; };
		A4301C9520DA68B4005E0B08 /* LLhomeViewContrller.swift */ = {isa = PBXFileReference; lastKnownFileType = sourcecode.swift; path = LLhomeViewContrller.swift; sourceTree = "<group>"; };
		A4301C9620DA68B4005E0B08 /* LLhomeViewContrller.xib */ = {isa = PBXFileReference; lastKnownFileType = file.xib; path = LLhomeViewContrller.xib; sourceTree = "<group>"; };
		A4301C9920DA68D5005E0B08 /* LLselectViewController.swift */ = {isa = PBXFileReference; lastKnownFileType = sourcecode.swift; path = LLselectViewController.swift; sourceTree = "<group>"; };
		A4301C9A20DA68D5005E0B08 /* LLselectViewController.xib */ = {isa = PBXFileReference; lastKnownFileType = file.xib; path = LLselectViewController.xib; sourceTree = "<group>"; };
		A4301C9D20DA68E4005E0B08 /* LLmessegeViewController.swift */ = {isa = PBXFileReference; lastKnownFileType = sourcecode.swift; path = LLmessegeViewController.swift; sourceTree = "<group>"; };
		A4301C9E20DA68E4005E0B08 /* LLmessegeViewController.xib */ = {isa = PBXFileReference; lastKnownFileType = file.xib; path = LLmessegeViewController.xib; sourceTree = "<group>"; };
		A4301CA120DA68F3005E0B08 /* LLmineViewController.swift */ = {isa = PBXFileReference; lastKnownFileType = sourcecode.swift; path = LLmineViewController.swift; sourceTree = "<group>"; };
		A4301CA220DA68F3005E0B08 /* LLmineViewController.xib */ = {isa = PBXFileReference; lastKnownFileType = file.xib; path = LLmineViewController.xib; sourceTree = "<group>"; };
		A4301CA520DB4E60005E0B08 /* Const.swift */ = {isa = PBXFileReference; lastKnownFileType = sourcecode.swift; path = Const.swift; sourceTree = "<group>"; };
		A483A8F720DB7CE000985120 /* beierquan-Bridging-Header.h */ = {isa = PBXFileReference; lastKnownFileType = sourcecode.c.h; path = "beierquan-Bridging-Header.h"; sourceTree = "<group>"; };
		A483A91B20DB7E6C00985120 /* PageControlView.m */ = {isa = PBXFileReference; fileEncoding = 4; lastKnownFileType = sourcecode.c.objc; path = PageControlView.m; sourceTree = "<group>"; };
		A483A91C20DB7E6C00985120 /* PageControlView.xib */ = {isa = PBXFileReference; fileEncoding = 4; lastKnownFileType = file.xib; path = PageControlView.xib; sourceTree = "<group>"; };
		A483A91D20DB7E6C00985120 /* PageControlCollectionViewCell.xib */ = {isa = PBXFileReference; fileEncoding = 4; lastKnownFileType = file.xib; path = PageControlCollectionViewCell.xib; sourceTree = "<group>"; };
		A483A91E20DB7E6C00985120 /* PageControlCollectionViewCell.h */ = {isa = PBXFileReference; fileEncoding = 4; lastKnownFileType = sourcecode.c.h; path = PageControlCollectionViewCell.h; sourceTree = "<group>"; };
		A483A91F20DB7E6C00985120 /* LeadViewController.h */ = {isa = PBXFileReference; fileEncoding = 4; lastKnownFileType = sourcecode.c.h; path = LeadViewController.h; sourceTree = "<group>"; };
		A483A92020DB7E6D00985120 /* LeadViewController.m */ = {isa = PBXFileReference; fileEncoding = 4; lastKnownFileType = sourcecode.c.objc; path = LeadViewController.m; sourceTree = "<group>"; };
		A483A92120DB7E6D00985120 /* PageControlView.h */ = {isa = PBXFileReference; fileEncoding = 4; lastKnownFileType = sourcecode.c.h; path = PageControlView.h; sourceTree = "<group>"; };
		A483A92220DB7E6D00985120 /* PageControlCollectionViewCell.m */ = {isa = PBXFileReference; fileEncoding = 4; lastKnownFileType = sourcecode.c.objc; path = PageControlCollectionViewCell.m; sourceTree = "<group>"; };
		A4D0279C20E0D7DE00643F6B /* UIView+Extension.swift */ = {isa = PBXFileReference; fileEncoding = 4; lastKnownFileType = sourcecode.swift; path = "UIView+Extension.swift"; sourceTree = "<group>"; };
		A4D0279E20E0D7E800643F6B /* UIImage+Extension.swift */ = {isa = PBXFileReference; fileEncoding = 4; lastKnownFileType = sourcecode.swift; path = "UIImage+Extension.swift"; sourceTree = "<group>"; };
		A4D027A220E0D7FE00643F6B /* UIColor+Extension.swift */ = {isa = PBXFileReference; fileEncoding = 4; lastKnownFileType = sourcecode.swift; path = "UIColor+Extension.swift"; sourceTree = "<group>"; };
		A4D027A620E0D8E600643F6B /* UIButton+Extension.swift */ = {isa = PBXFileReference; lastKnownFileType = sourcecode.swift; path = "UIButton+Extension.swift"; sourceTree = "<group>"; };
		A4D027AF20E21FF800643F6B /* LLhomeCell.swift */ = {isa = PBXFileReference; lastKnownFileType = sourcecode.swift; path = LLhomeCell.swift; sourceTree = "<group>"; };
		A4D027B020E21FF800643F6B /* LLhomeCell.xib */ = {isa = PBXFileReference; lastKnownFileType = file.xib; path = LLhomeCell.xib; sourceTree = "<group>"; };
		A4D027B520E23B5200643F6B /* CALayer+Extension.swift */ = {isa = PBXFileReference; lastKnownFileType = sourcecode.swift; path = "CALayer+Extension.swift"; sourceTree = "<group>"; };
		E5FD4CE721D1FE4ECECD88BC /* Pods_beierquan.framework */ = {isa = PBXFileReference; explicitFileType = wrapper.framework; includeInIndex = 0; path = Pods_beierquan.framework; sourceTree = BUILT_PRODUCTS_DIR; };
/* End PBXFileReference section */

/* Begin PBXFrameworksBuildPhase section */
		A4301C4720D9F9EF005E0B08 /* Frameworks */ = {
			isa = PBXFrameworksBuildPhase;
			buildActionMask = 2147483647;
			files = (
				09AD8C503633CEEA20A6FC7E /* Pods_beierquan.framework in Frameworks */,
			);
			runOnlyForDeploymentPostprocessing = 0;
		};
		A4301C5B20D9F9F1005E0B08 /* Frameworks */ = {
			isa = PBXFrameworksBuildPhase;
			buildActionMask = 2147483647;
			files = (
			);
			runOnlyForDeploymentPostprocessing = 0;
		};
		A4301C6620D9F9F1005E0B08 /* Frameworks */ = {
			isa = PBXFrameworksBuildPhase;
			buildActionMask = 2147483647;
			files = (
			);
			runOnlyForDeploymentPostprocessing = 0;
		};
/* End PBXFrameworksBuildPhase section */

/* Begin PBXGroup section */
		48E0FE6FB62F3835E15E4F1A /* Pods */ = {
			isa = PBXGroup;
			children = (
				4F267E842A4C3CA31186C330 /* Pods-beierquan.debug.xcconfig */,
				2108068D278C302A12171FFF /* Pods-beierquan.release.xcconfig */,
			);
			name = Pods;
			sourceTree = "<group>";
		};
		512C184355777849F771DE95 /* Frameworks */ = {
			isa = PBXGroup;
			children = (
				E5FD4CE721D1FE4ECECD88BC /* Pods_beierquan.framework */,
			);
			name = Frameworks;
			sourceTree = "<group>";
		};
		A4301C4120D9F9EF005E0B08 = {
			isa = PBXGroup;
			children = (
				A4301C4C20D9F9EF005E0B08 /* beierquan */,
				A4301C6120D9F9F1005E0B08 /* beierquanTests */,
				A4301C6C20D9F9F1005E0B08 /* beierquanUITests */,
				A4301C4B20D9F9EF005E0B08 /* Products */,
				48E0FE6FB62F3835E15E4F1A /* Pods */,
				512C184355777849F771DE95 /* Frameworks */,
			);
			sourceTree = "<group>";
		};
		A4301C4B20D9F9EF005E0B08 /* Products */ = {
			isa = PBXGroup;
			children = (
				A4301C4A20D9F9EF005E0B08 /* beierquan.app */,
				A4301C5E20D9F9F1005E0B08 /* beierquanTests.xctest */,
				A4301C6920D9F9F1005E0B08 /* beierquanUITests.xctest */,
			);
			name = Products;
			sourceTree = "<group>";
		};
		A4301C4C20D9F9EF005E0B08 /* beierquan */ = {
			isa = PBXGroup;
			children = (
				A4301C8C20DA656A005E0B08 /* main */,
				A4301C8D20DA65F3005E0B08 /* home */,
				A4301C8E20DA660D005E0B08 /* select */,
				A4301C8F20DA6627005E0B08 /* massege */,
				A4301C9020DA6639005E0B08 /* mine */,
				A4D0279B20E0D7AF00643F6B /* category */,
				A4301C5120D9F9EF005E0B08 /* Main.storyboard */,
				A4301C5420D9F9F1005E0B08 /* Assets.xcassets */,
				A4301C5620D9F9F1005E0B08 /* LaunchScreen.storyboard */,
				A4301C5920D9F9F1005E0B08 /* Info.plist */,
			);
			path = beierquan;
			sourceTree = "<group>";
		};
		A4301C6120D9F9F1005E0B08 /* beierquanTests */ = {
			isa = PBXGroup;
			children = (
				A4301C6220D9F9F1005E0B08 /* beierquanTests.swift */,
				A4301C6420D9F9F1005E0B08 /* Info.plist */,
			);
			path = beierquanTests;
			sourceTree = "<group>";
		};
		A4301C6C20D9F9F1005E0B08 /* beierquanUITests */ = {
			isa = PBXGroup;
			children = (
				A4301C6D20D9F9F1005E0B08 /* beierquanUITests.swift */,
				A4301C6F20D9F9F1005E0B08 /* Info.plist */,
			);
			path = beierquanUITests;
			sourceTree = "<group>";
		};
		A4301C8C20DA656A005E0B08 /* main */ = {
			isa = PBXGroup;
			children = (
				A483A91A20DB7E2800985120 /* leadView */,
				A4301C4D20D9F9EF005E0B08 /* AppDelegate.swift */,
				A4301C8820DA5B6B005E0B08 /* MyTabBarController.swift */,
				A4301C8A20DA5B8B005E0B08 /* MyNavigationController.swift */,
				A4301C9120DA668A005E0B08 /* LLbaseViewController.swift */,
				A4301CA520DB4E60005E0B08 /* Const.swift */,
				A483A8F720DB7CE000985120 /* beierquan-Bridging-Header.h */,
			);
			path = main;
			sourceTree = "<group>";
		};
		A4301C8D20DA65F3005E0B08 /* home */ = {
			isa = PBXGroup;
			children = (
				A4301C9520DA68B4005E0B08 /* LLhomeViewContrller.swift */,
				A4301C9620DA68B4005E0B08 /* LLhomeViewContrller.xib */,
				A4D027AF20E21FF800643F6B /* LLhomeCell.swift */,
				A4D027B020E21FF800643F6B /* LLhomeCell.xib */,
			);
			path = home;
			sourceTree = "<group>";
		};
		A4301C8E20DA660D005E0B08 /* select */ = {
			isa = PBXGroup;
			children = (
				A4301C9920DA68D5005E0B08 /* LLselectViewController.swift */,
				A4301C9A20DA68D5005E0B08 /* LLselectViewController.xib */,
			);
			path = select;
			sourceTree = "<group>";
		};
		A4301C8F20DA6627005E0B08 /* massege */ = {
			isa = PBXGroup;
			children = (
				A4301C9D20DA68E4005E0B08 /* LLmessegeViewController.swift */,
				A4301C9E20DA68E4005E0B08 /* LLmessegeViewController.xib */,
			);
			path = massege;
			sourceTree = "<group>";
		};
		A4301C9020DA6639005E0B08 /* mine */ = {
			isa = PBXGroup;
			children = (
				A4301CA120DA68F3005E0B08 /* LLmineViewController.swift */,
				A4301CA220DA68F3005E0B08 /* LLmineViewController.xib */,
			);
			path = mine;
			sourceTree = "<group>";
		};
		A483A91A20DB7E2800985120 /* leadView */ = {
			isa = PBXGroup;
			children = (
				A483A91F20DB7E6C00985120 /* LeadViewController.h */,
				A483A92020DB7E6D00985120 /* LeadViewController.m */,
				A483A91E20DB7E6C00985120 /* PageControlCollectionViewCell.h */,
				A483A92220DB7E6D00985120 /* PageControlCollectionViewCell.m */,
				A483A91D20DB7E6C00985120 /* PageControlCollectionViewCell.xib */,
				A483A92120DB7E6D00985120 /* PageControlView.h */,
				A483A91B20DB7E6C00985120 /* PageControlView.m */,
				A483A91C20DB7E6C00985120 /* PageControlView.xib */,
			);
			path = leadView;
			sourceTree = "<group>";
		};
		A4D0279B20E0D7AF00643F6B /* category */ = {
			isa = PBXGroup;
			children = (
				A4D0279E20E0D7E800643F6B /* UIImage+Extension.swift */,
				A4D0279C20E0D7DE00643F6B /* UIView+Extension.swift */,
				A4D027A220E0D7FE00643F6B /* UIColor+Extension.swift */,
				A4D027A620E0D8E600643F6B /* UIButton+Extension.swift */,
				A4D027B520E23B5200643F6B /* CALayer+Extension.swift */,
			);
			path = category;
			sourceTree = "<group>";
		};
/* End PBXGroup section */

/* Begin PBXNativeTarget section */
		A4301C4920D9F9EF005E0B08 /* beierquan */ = {
			isa = PBXNativeTarget;
			buildConfigurationList = A4301C7220D9F9F1005E0B08 /* Build configuration list for PBXNativeTarget "beierquan" */;
			buildPhases = (
				910FE82531C76E4EC9B9B509 /* [CP] Check Pods Manifest.lock */,
				A4301C4620D9F9EF005E0B08 /* Sources */,
				A4301C4720D9F9EF005E0B08 /* Frameworks */,
				A4301C4820D9F9EF005E0B08 /* Resources */,
				4565A5973077D44B84992A6B /* [CP] Embed Pods Frameworks */,
			);
			buildRules = (
			);
			dependencies = (
			);
			name = beierquan;
			productName = beierquan;
			productReference = A4301C4A20D9F9EF005E0B08 /* beierquan.app */;
			productType = "com.apple.product-type.application";
		};
		A4301C5D20D9F9F1005E0B08 /* beierquanTests */ = {
			isa = PBXNativeTarget;
			buildConfigurationList = A4301C7520D9F9F1005E0B08 /* Build configuration list for PBXNativeTarget "beierquanTests" */;
			buildPhases = (
				A4301C5A20D9F9F1005E0B08 /* Sources */,
				A4301C5B20D9F9F1005E0B08 /* Frameworks */,
				A4301C5C20D9F9F1005E0B08 /* Resources */,
			);
			buildRules = (
			);
			dependencies = (
				A4301C6020D9F9F1005E0B08 /* PBXTargetDependency */,
			);
			name = beierquanTests;
			productName = beierquanTests;
			productReference = A4301C5E20D9F9F1005E0B08 /* beierquanTests.xctest */;
			productType = "com.apple.product-type.bundle.unit-test";
		};
		A4301C6820D9F9F1005E0B08 /* beierquanUITests */ = {
			isa = PBXNativeTarget;
			buildConfigurationList = A4301C7820D9F9F1005E0B08 /* Build configuration list for PBXNativeTarget "beierquanUITests" */;
			buildPhases = (
				A4301C6520D9F9F1005E0B08 /* Sources */,
				A4301C6620D9F9F1005E0B08 /* Frameworks */,
				A4301C6720D9F9F1005E0B08 /* Resources */,
			);
			buildRules = (
			);
			dependencies = (
				A4301C6B20D9F9F1005E0B08 /* PBXTargetDependency */,
			);
			name = beierquanUITests;
			productName = beierquanUITests;
			productReference = A4301C6920D9F9F1005E0B08 /* beierquanUITests.xctest */;
			productType = "com.apple.product-type.bundle.ui-testing";
		};
/* End PBXNativeTarget section */

/* Begin PBXProject section */
		A4301C4220D9F9EF005E0B08 /* Project object */ = {
			isa = PBXProject;
			attributes = {
				LastSwiftUpdateCheck = 0940;
				LastUpgradeCheck = 0940;
				ORGANIZATIONNAME = "刘龙";
				TargetAttributes = {
					A4301C4920D9F9EF005E0B08 = {
						CreatedOnToolsVersion = 9.4;
						LastSwiftMigration = 0940;
					};
					A4301C5D20D9F9F1005E0B08 = {
						CreatedOnToolsVersion = 9.4;
						TestTargetID = A4301C4920D9F9EF005E0B08;
					};
					A4301C6820D9F9F1005E0B08 = {
						CreatedOnToolsVersion = 9.4;
						TestTargetID = A4301C4920D9F9EF005E0B08;
					};
				};
			};
			buildConfigurationList = A4301C4520D9F9EF005E0B08 /* Build configuration list for PBXProject "beierquan" */;
			compatibilityVersion = "Xcode 9.3";
			developmentRegion = en;
			hasScannedForEncodings = 0;
			knownRegions = (
				en,
				Base,
			);
			mainGroup = A4301C4120D9F9EF005E0B08;
			productRefGroup = A4301C4B20D9F9EF005E0B08 /* Products */;
			projectDirPath = "";
			projectRoot = "";
			targets = (
				A4301C4920D9F9EF005E0B08 /* beierquan */,
				A4301C5D20D9F9F1005E0B08 /* beierquanTests */,
				A4301C6820D9F9F1005E0B08 /* beierquanUITests */,
			);
		};
/* End PBXProject section */

/* Begin PBXResourcesBuildPhase section */
		A4301C4820D9F9EF005E0B08 /* Resources */ = {
			isa = PBXResourcesBuildPhase;
			buildActionMask = 2147483647;
			files = (
				A4301CA020DA68E4005E0B08 /* LLmessegeViewController.xib in Resources */,
				A4301C5820D9F9F1005E0B08 /* LaunchScreen.storyboard in Resources */,
				A4D027B220E21FF800643F6B /* LLhomeCell.xib in Resources */,
				A4301C9820DA68B4005E0B08 /* LLhomeViewContrller.xib in Resources */,
				A4301C9C20DA68D5005E0B08 /* LLselectViewController.xib in Resources */,
				A4301CA420DA68F3005E0B08 /* LLmineViewController.xib in Resources */,
				A483A92420DB7E6D00985120 /* PageControlView.xib in Resources */,
				A4301C5520D9F9F1005E0B08 /* Assets.xcassets in Resources */,
				A4301C5320D9F9EF005E0B08 /* Main.storyboard in Resources */,
				A483A92520DB7E6D00985120 /* PageControlCollectionViewCell.xib in Resources */,
			);
			runOnlyForDeploymentPostprocessing = 0;
		};
		A4301C5C20D9F9F1005E0B08 /* Resources */ = {
			isa = PBXResourcesBuildPhase;
			buildActionMask = 2147483647;
			files = (
			);
			runOnlyForDeploymentPostprocessing = 0;
		};
		A4301C6720D9F9F1005E0B08 /* Resources */ = {
			isa = PBXResourcesBuildPhase;
			buildActionMask = 2147483647;
			files = (
			);
			runOnlyForDeploymentPostprocessing = 0;
		};
/* End PBXResourcesBuildPhase section */

/* Begin PBXShellScriptBuildPhase section */
		4565A5973077D44B84992A6B /* [CP] Embed Pods Frameworks */ = {
			isa = PBXShellScriptBuildPhase;
			buildActionMask = 2147483647;
			files = (
			);
			inputPaths = (
				"${SRCROOT}/Pods/Target Support Files/Pods-beierquan/Pods-beierquan-frameworks.sh",
				"${BUILT_PRODUCTS_DIR}/Alamofire/Alamofire.framework",
				"${BUILT_PRODUCTS_DIR}/IBAnimatable/IBAnimatable.framework",
				"${BUILT_PRODUCTS_DIR}/Kanna/Kanna.framework",
				"${BUILT_PRODUCTS_DIR}/Kingfisher/Kingfisher.framework",
				"${BUILT_PRODUCTS_DIR}/ReactiveCocoa/ReactiveCocoa.framework",
				"${BUILT_PRODUCTS_DIR}/ReactiveSwift/ReactiveSwift.framework",
				"${BUILT_PRODUCTS_DIR}/Result/Result.framework",
				"${BUILT_PRODUCTS_DIR}/SnapKit/SnapKit.framework",
				"${BUILT_PRODUCTS_DIR}/SwiftyJSON/SwiftyJSON.framework",
			);
			name = "[CP] Embed Pods Frameworks";
			outputPaths = (
				"${TARGET_BUILD_DIR}/${FRAMEWORKS_FOLDER_PATH}/Alamofire.framework",
				"${TARGET_BUILD_DIR}/${FRAMEWORKS_FOLDER_PATH}/IBAnimatable.framework",
				"${TARGET_BUILD_DIR}/${FRAMEWORKS_FOLDER_PATH}/Kanna.framework",
				"${TARGET_BUILD_DIR}/${FRAMEWORKS_FOLDER_PATH}/Kingfisher.framework",
				"${TARGET_BUILD_DIR}/${FRAMEWORKS_FOLDER_PATH}/ReactiveCocoa.framework",
				"${TARGET_BUILD_DIR}/${FRAMEWORKS_FOLDER_PATH}/ReactiveSwift.framework",
				"${TARGET_BUILD_DIR}/${FRAMEWORKS_FOLDER_PATH}/Result.framework",
				"${TARGET_BUILD_DIR}/${FRAMEWORKS_FOLDER_PATH}/SnapKit.framework",
				"${TARGET_BUILD_DIR}/${FRAMEWORKS_FOLDER_PATH}/SwiftyJSON.framework",
			);
			runOnlyForDeploymentPostprocessing = 0;
			shellPath = /bin/sh;
			shellScript = "\"${SRCROOT}/Pods/Target Support Files/Pods-beierquan/Pods-beierquan-frameworks.sh\"\n";
			showEnvVarsInLog = 0;
		};
		910FE82531C76E4EC9B9B509 /* [CP] Check Pods Manifest.lock */ = {
			isa = PBXShellScriptBuildPhase;
			buildActionMask = 2147483647;
			files = (
			);
			inputPaths = (
				"${PODS_PODFILE_DIR_PATH}/Podfile.lock",
				"${PODS_ROOT}/Manifest.lock",
			);
			name = "[CP] Check Pods Manifest.lock";
			outputPaths = (
				"$(DERIVED_FILE_DIR)/Pods-beierquan-checkManifestLockResult.txt",
			);
			runOnlyForDeploymentPostprocessing = 0;
			shellPath = /bin/sh;
			shellScript = "diff \"${PODS_PODFILE_DIR_PATH}/Podfile.lock\" \"${PODS_ROOT}/Manifest.lock\" > /dev/null\nif [ $? != 0 ] ; then\n    # print error to STDERR\n    echo \"error: The sandbox is not in sync with the Podfile.lock. Run 'pod install' or update your CocoaPods installation.\" >&2\n    exit 1\nfi\n# This output is used by Xcode 'outputs' to avoid re-running this script phase.\necho \"SUCCESS\" > \"${SCRIPT_OUTPUT_FILE_0}\"\n";
			showEnvVarsInLog = 0;
		};
/* End PBXShellScriptBuildPhase section */

/* Begin PBXSourcesBuildPhase section */
		A4301C4620D9F9EF005E0B08 /* Sources */ = {
			isa = PBXSourcesBuildPhase;
			buildActionMask = 2147483647;
			files = (
				A4301C8B20DA5B8B005E0B08 /* MyNavigationController.swift in Sources */,
				A4D0279F20E0D7E800643F6B /* UIImage+Extension.swift in Sources */,
				A4D0279D20E0D7DE00643F6B /* UIView+Extension.swift in Sources */,
				A4D027A720E0D8E600643F6B /* UIButton+Extension.swift in Sources */,
				A4D027B120E21FF800643F6B /* LLhomeCell.swift in Sources */,
				A4301C9F20DA68E4005E0B08 /* LLmessegeViewController.swift in Sources */,
				A4D027B620E23B5200643F6B /* CALayer+Extension.swift in Sources */,
				A4301C8920DA5B6B005E0B08 /* MyTabBarController.swift in Sources */,
				A4301C4E20D9F9EF005E0B08 /* AppDelegate.swift in Sources */,
				A4301C9720DA68B4005E0B08 /* LLhomeViewContrller.swift in Sources */,
				A4D027A320E0D7FE00643F6B /* UIColor+Extension.swift in Sources */,
				A4301CA320DA68F3005E0B08 /* LLmineViewController.swift in Sources */,
				A4301C9B20DA68D5005E0B08 /* LLselectViewController.swift in Sources */,
				A483A92720DB7E6D00985120 /* PageControlCollectionViewCell.m in Sources */,
				A483A92620DB7E6D00985120 /* LeadViewController.m in Sources */,
				A4301C9220DA668A005E0B08 /* LLbaseViewController.swift in Sources */,
				A4301CA620DB4E60005E0B08 /* Const.swift in Sources */,
				A483A92320DB7E6D00985120 /* PageControlView.m in Sources */,
			);
			runOnlyForDeploymentPostprocessing = 0;
		};
		A4301C5A20D9F9F1005E0B08 /* Sources */ = {
			isa = PBXSourcesBuildPhase;
			buildActionMask = 2147483647;
			files = (
				A4301C6320D9F9F1005E0B08 /* beierquanTests.swift in Sources */,
			);
			runOnlyForDeploymentPostprocessing = 0;
		};
		A4301C6520D9F9F1005E0B08 /* Sources */ = {
			isa = PBXSourcesBuildPhase;
			buildActionMask = 2147483647;
			files = (
				A4301C6E20D9F9F1005E0B08 /* beierquanUITests.swift in Sources */,
			);
			runOnlyForDeploymentPostprocessing = 0;
		};
/* End PBXSourcesBuildPhase section */

/* Begin PBXTargetDependency section */
		A4301C6020D9F9F1005E0B08 /* PBXTargetDependency */ = {
			isa = PBXTargetDependency;
			target = A4301C4920D9F9EF005E0B08 /* beierquan */;
			targetProxy = A4301C5F20D9F9F1005E0B08 /* PBXContainerItemProxy */;
		};
		A4301C6B20D9F9F1005E0B08 /* PBXTargetDependency */ = {
			isa = PBXTargetDependency;
			target = A4301C4920D9F9EF005E0B08 /* beierquan */;
			targetProxy = A4301C6A20D9F9F1005E0B08 /* PBXContainerItemProxy */;
		};
/* End PBXTargetDependency section */

/* Begin PBXVariantGroup section */
		A4301C5120D9F9EF005E0B08 /* Main.storyboard */ = {
			isa = PBXVariantGroup;
			children = (
				A4301C5220D9F9EF005E0B08 /* Base */,
			);
			name = Main.storyboard;
			sourceTree = "<group>";
		};
		A4301C5620D9F9F1005E0B08 /* LaunchScreen.storyboard */ = {
			isa = PBXVariantGroup;
			children = (
				A4301C5720D9F9F1005E0B08 /* Base */,
			);
			name = LaunchScreen.storyboard;
			sourceTree = "<group>";
		};
/* End PBXVariantGroup section */

/* Begin XCBuildConfiguration section */
		A4301C7020D9F9F1005E0B08 /* Debug */ = {
			isa = XCBuildConfiguration;
			buildSettings = {
				ALWAYS_SEARCH_USER_PATHS = NO;
				CLANG_ANALYZER_NONNULL = YES;
				CLANG_ANALYZER_NUMBER_OBJECT_CONVERSION = YES_AGGRESSIVE;
				CLANG_CXX_LANGUAGE_STANDARD = "gnu++14";
				CLANG_CXX_LIBRARY = "libc++";
				CLANG_ENABLE_MODULES = YES;
				CLANG_ENABLE_OBJC_ARC = YES;
				CLANG_ENABLE_OBJC_WEAK = YES;
				CLANG_WARN_BLOCK_CAPTURE_AUTORELEASING = YES;
				CLANG_WARN_BOOL_CONVERSION = YES;
				CLANG_WARN_COMMA = YES;
				CLANG_WARN_CONSTANT_CONVERSION = YES;
				CLANG_WARN_DEPRECATED_OBJC_IMPLEMENTATIONS = YES;
				CLANG_WARN_DIRECT_OBJC_ISA_USAGE = YES_ERROR;
				CLANG_WARN_DOCUMENTATION_COMMENTS = YES;
				CLANG_WARN_EMPTY_BODY = YES;
				CLANG_WARN_ENUM_CONVERSION = YES;
				CLANG_WARN_INFINITE_RECURSION = YES;
				CLANG_WARN_INT_CONVERSION = YES;
				CLANG_WARN_NON_LITERAL_NULL_CONVERSION = YES;
				CLANG_WARN_OBJC_IMPLICIT_RETAIN_SELF = YES;
				CLANG_WARN_OBJC_LITERAL_CONVERSION = YES;
				CLANG_WARN_OBJC_ROOT_CLASS = YES_ERROR;
				CLANG_WARN_RANGE_LOOP_ANALYSIS = YES;
				CLANG_WARN_STRICT_PROTOTYPES = YES;
				CLANG_WARN_SUSPICIOUS_MOVE = YES;
				CLANG_WARN_UNGUARDED_AVAILABILITY = YES_AGGRESSIVE;
				CLANG_WARN_UNREACHABLE_CODE = YES;
				CLANG_WARN__DUPLICATE_METHOD_MATCH = YES;
				CODE_SIGN_IDENTITY = "iPhone Developer";
				COPY_PHASE_STRIP = NO;
				DEBUG_INFORMATION_FORMAT = dwarf;
				ENABLE_STRICT_OBJC_MSGSEND = YES;
				ENABLE_TESTABILITY = YES;
				GCC_C_LANGUAGE_STANDARD = gnu11;
				GCC_DYNAMIC_NO_PIC = NO;
				GCC_NO_COMMON_BLOCKS = YES;
				GCC_OPTIMIZATION_LEVEL = 0;
				GCC_PREPROCESSOR_DEFINITIONS = (
					"DEBUG=1",
					"$(inherited)",
				);
				GCC_WARN_64_TO_32_BIT_CONVERSION = YES;
				GCC_WARN_ABOUT_RETURN_TYPE = YES_ERROR;
				GCC_WARN_UNDECLARED_SELECTOR = YES;
				GCC_WARN_UNINITIALIZED_AUTOS = YES_AGGRESSIVE;
				GCC_WARN_UNUSED_FUNCTION = YES;
				GCC_WARN_UNUSED_VARIABLE = YES;
				IPHONEOS_DEPLOYMENT_TARGET = 11.4;
				MTL_ENABLE_DEBUG_INFO = YES;
				ONLY_ACTIVE_ARCH = YES;
				SDKROOT = iphoneos;
				SWIFT_ACTIVE_COMPILATION_CONDITIONS = DEBUG;
				SWIFT_OPTIMIZATION_LEVEL = "-Onone";
			};
			name = Debug;
		};
		A4301C7120D9F9F1005E0B08 /* Release */ = {
			isa = XCBuildConfiguration;
			buildSettings = {
				ALWAYS_SEARCH_USER_PATHS = NO;
				CLANG_ANALYZER_NONNULL = YES;
				CLANG_ANALYZER_NUMBER_OBJECT_CONVERSION = YES_AGGRESSIVE;
				CLANG_CXX_LANGUAGE_STANDARD = "gnu++14";
				CLANG_CXX_LIBRARY = "libc++";
				CLANG_ENABLE_MODULES = YES;
				CLANG_ENABLE_OBJC_ARC = YES;
				CLANG_ENABLE_OBJC_WEAK = YES;
				CLANG_WARN_BLOCK_CAPTURE_AUTORELEASING = YES;
				CLANG_WARN_BOOL_CONVERSION = YES;
				CLANG_WARN_COMMA = YES;
				CLANG_WARN_CONSTANT_CONVERSION = YES;
				CLANG_WARN_DEPRECATED_OBJC_IMPLEMENTATIONS = YES;
				CLANG_WARN_DIRECT_OBJC_ISA_USAGE = YES_ERROR;
				CLANG_WARN_DOCUMENTATION_COMMENTS = YES;
				CLANG_WARN_EMPTY_BODY = YES;
				CLANG_WARN_ENUM_CONVERSION = YES;
				CLANG_WARN_INFINITE_RECURSION = YES;
				CLANG_WARN_INT_CONVERSION = YES;
				CLANG_WARN_NON_LITERAL_NULL_CONVERSION = YES;
				CLANG_WARN_OBJC_IMPLICIT_RETAIN_SELF = YES;
				CLANG_WARN_OBJC_LITERAL_CONVERSION = YES;
				CLANG_WARN_OBJC_ROOT_CLASS = YES_ERROR;
				CLANG_WARN_RANGE_LOOP_ANALYSIS = YES;
				CLANG_WARN_STRICT_PROTOTYPES = YES;
				CLANG_WARN_SUSPICIOUS_MOVE = YES;
				CLANG_WARN_UNGUARDED_AVAILABILITY = YES_AGGRESSIVE;
				CLANG_WARN_UNREACHABLE_CODE = YES;
				CLANG_WARN__DUPLICATE_METHOD_MATCH = YES;
				CODE_SIGN_IDENTITY = "iPhone Developer";
				COPY_PHASE_STRIP = NO;
				DEBUG_INFORMATION_FORMAT = "dwarf-with-dsym";
				ENABLE_NS_ASSERTIONS = NO;
				ENABLE_STRICT_OBJC_MSGSEND = YES;
				GCC_C_LANGUAGE_STANDARD = gnu11;
				GCC_NO_COMMON_BLOCKS = YES;
				GCC_WARN_64_TO_32_BIT_CONVERSION = YES;
				GCC_WARN_ABOUT_RETURN_TYPE = YES_ERROR;
				GCC_WARN_UNDECLARED_SELECTOR = YES;
				GCC_WARN_UNINITIALIZED_AUTOS = YES_AGGRESSIVE;
				GCC_WARN_UNUSED_FUNCTION = YES;
				GCC_WARN_UNUSED_VARIABLE = YES;
				IPHONEOS_DEPLOYMENT_TARGET = 11.4;
				MTL_ENABLE_DEBUG_INFO = NO;
				SDKROOT = iphoneos;
				SWIFT_COMPILATION_MODE = wholemodule;
				SWIFT_OPTIMIZATION_LEVEL = "-O";
				VALIDATE_PRODUCT = YES;
			};
			name = Release;
		};
		A4301C7320D9F9F1005E0B08 /* Debug */ = {
			isa = XCBuildConfiguration;
			baseConfigurationReference = 4F267E842A4C3CA31186C330 /* Pods-beierquan.debug.xcconfig */;
			buildSettings = {
				ASSETCATALOG_COMPILER_APPICON_NAME = AppIcon;
				ASSETCATALOG_COMPILER_LAUNCHIMAGE_NAME = "LaunchImage-2";
				CLANG_ENABLE_MODULES = YES;
				CODE_SIGN_STYLE = Automatic;
				DEFINES_MODULE = YES;
				DEVELOPMENT_TEAM = MGCEQGB4XV;
				INFOPLIST_FILE = beierquan/Info.plist;
				LD_RUNPATH_SEARCH_PATHS = (
					"$(inherited)",
					"@executable_path/Frameworks",
				);
				PRODUCT_BUNDLE_IDENTIFIER = liulong.beierquan;
				PRODUCT_NAME = "$(TARGET_NAME)";
				SWIFT_OBJC_BRIDGING_HEADER = "beierquan/main/beierquan-Bridging-Header.h";
				SWIFT_OPTIMIZATION_LEVEL = "-Onone";
				SWIFT_VERSION = 4.0;
				TARGETED_DEVICE_FAMILY = "1,2";
				USER_HEADER_SEARCH_PATHS = "${SRCROOT}/**";
			};
			name = Debug;
		};
		A4301C7420D9F9F1005E0B08 /* Release */ = {
			isa = XCBuildConfiguration;
			baseConfigurationReference = 2108068D278C302A12171FFF /* Pods-beierquan.release.xcconfig */;
			buildSettings = {
				ASSETCATALOG_COMPILER_APPICON_NAME = AppIcon;
				ASSETCATALOG_COMPILER_LAUNCHIMAGE_NAME = "LaunchImage-2";
				CLANG_ENABLE_MODULES = YES;
				CODE_SIGN_STYLE = Automatic;
				DEFINES_MODULE = YES;
				DEVELOPMENT_TEAM = MGCEQGB4XV;
				INFOPLIST_FILE = beierquan/Info.plist;
				LD_RUNPATH_SEARCH_PATHS = (
					"$(inherited)",
					"@executable_path/Frameworks",
				);
				PRODUCT_BUNDLE_IDENTIFIER = liulong.beierquan;
				PRODUCT_NAME = "$(TARGET_NAME)";
				SWIFT_OBJC_BRIDGING_HEADER = "beierquan/main/beierquan-Bridging-Header.h";
				SWIFT_VERSION = 4.0;
				TARGETED_DEVICE_FAMILY = "1,2";
				USER_HEADER_SEARCH_PATHS = "${SRCROOT}/**";
			};
			name = Release;
		};
		A4301C7620D9F9F1005E0B08 /* Debug */ = {
			isa = XCBuildConfiguration;
			buildSettings = {
				ALWAYS_EMBED_SWIFT_STANDARD_LIBRARIES = YES;
				BUNDLE_LOADER = "$(TEST_HOST)";
				CODE_SIGN_STYLE = Automatic;
				DEVELOPMENT_TEAM = MGCEQGB4XV;
				INFOPLIST_FILE = beierquanTests/Info.plist;
				LD_RUNPATH_SEARCH_PATHS = (
					"$(inherited)",
					"@executable_path/Frameworks",
					"@loader_path/Frameworks",
				);
				PRODUCT_BUNDLE_IDENTIFIER = liulong.beierquanTests;
				PRODUCT_NAME = "$(TARGET_NAME)";
				SWIFT_VERSION = 4.0;
				TARGETED_DEVICE_FAMILY = "1,2";
				TEST_HOST = "$(BUILT_PRODUCTS_DIR)/beierquan.app/beierquan";
			};
			name = Debug;
		};
		A4301C7720D9F9F1005E0B08 /* Release */ = {
			isa = XCBuildConfiguration;
			buildSettings = {
				ALWAYS_EMBED_SWIFT_STANDARD_LIBRARIES = YES;
				BUNDLE_LOADER = "$(TEST_HOST)";
				CODE_SIGN_STYLE = Automatic;
				DEVELOPMENT_TEAM = MGCEQGB4XV;
				INFOPLIST_FILE = beierquanTests/Info.plist;
				LD_RUNPATH_SEARCH_PATHS = (
					"$(inherited)",
					"@executable_path/Frameworks",
					"@loader_path/Frameworks",
				);
				PRODUCT_BUNDLE_IDENTIFIER = liulong.beierquanTests;
				PRODUCT_NAME = "$(TARGET_NAME)";
				SWIFT_VERSION = 4.0;
				TARGETED_DEVICE_FAMILY = "1,2";
				TEST_HOST = "$(BUILT_PRODUCTS_DIR)/beierquan.app/beierquan";
			};
			name = Release;
		};
		A4301C7920D9F9F1005E0B08 /* Debug */ = {
			isa = XCBuildConfiguration;
			buildSettings = {
				ALWAYS_EMBED_SWIFT_STANDARD_LIBRARIES = YES;
				CODE_SIGN_STYLE = Automatic;
				DEVELOPMENT_TEAM = MGCEQGB4XV;
				INFOPLIST_FILE = beierquanUITests/Info.plist;
				LD_RUNPATH_SEARCH_PATHS = (
					"$(inherited)",
					"@executable_path/Frameworks",
					"@loader_path/Frameworks",
				);
				PRODUCT_BUNDLE_IDENTIFIER = liulong.beierquanUITests;
				PRODUCT_NAME = "$(TARGET_NAME)";
				SWIFT_VERSION = 4.0;
				TARGETED_DEVICE_FAMILY = "1,2";
				TEST_TARGET_NAME = beierquan;
			};
			name = Debug;
		};
		A4301C7A20D9F9F1005E0B08 /* Release */ = {
			isa = XCBuildConfiguration;
			buildSettings = {
				ALWAYS_EMBED_SWIFT_STANDARD_LIBRARIES = YES;
				CODE_SIGN_STYLE = Automatic;
				DEVELOPMENT_TEAM = MGCEQGB4XV;
				INFOPLIST_FILE = beierquanUITests/Info.plist;
				LD_RUNPATH_SEARCH_PATHS = (
					"$(inherited)",
					"@executable_path/Frameworks",
					"@loader_path/Frameworks",
				);
				PRODUCT_BUNDLE_IDENTIFIER = liulong.beierquanUITests;
				PRODUCT_NAME = "$(TARGET_NAME)";
				SWIFT_VERSION = 4.0;
				TARGETED_DEVICE_FAMILY = "1,2";
				TEST_TARGET_NAME = beierquan;
			};
			name = Release;
		};
/* End XCBuildConfiguration section */

/* Begin XCConfigurationList section */
		A4301C4520D9F9EF005E0B08 /* Build configuration list for PBXProject "beierquan" */ = {
			isa = XCConfigurationList;
			buildConfigurations = (
				A4301C7020D9F9F1005E0B08 /* Debug */,
				A4301C7120D9F9F1005E0B08 /* Release */,
			);
			defaultConfigurationIsVisible = 0;
			defaultConfigurationName = Release;
		};
		A4301C7220D9F9F1005E0B08 /* Build configuration list for PBXNativeTarget "beierquan" */ = {
			isa = XCConfigurationList;
			buildConfigurations = (
				A4301C7320D9F9F1005E0B08 /* Debug */,
				A4301C7420D9F9F1005E0B08 /* Release */,
			);
			defaultConfigurationIsVisible = 0;
			defaultConfigurationName = Release;
		};
		A4301C7520D9F9F1005E0B08 /* Build configuration list for PBXNativeTarget "beierquanTests" */ = {
			isa = XCConfigurationList;
			buildConfigurations = (
				A4301C7620D9F9F1005E0B08 /* Debug */,
				A4301C7720D9F9F1005E0B08 /* Release */,
			);
			defaultConfigurationIsVisible = 0;
			defaultConfigurationName = Release;
		};
		A4301C7820D9F9F1005E0B08 /* Build configuration list for PBXNativeTarget "beierquanUITests" */ = {
			isa = XCConfigurationList;
			buildConfigurations = (
				A4301C7920D9F9F1005E0B08 /* Debug */,
				A4301C7A20D9F9F1005E0B08 /* Release */,
			);
			defaultConfigurationIsVisible = 0;
			defaultConfigurationName = Release;
		};
/* End XCConfigurationList section */
	};
	rootObject = A4301C4220D9F9EF005E0B08 /* Project object */;
}
